<?xml version="1.0" encoding="utf-8"?>
<Project ToolsVersion="4.0" xmlns="http://schemas.microsoft.com/developer/msbuild/2003">
  <ItemGroup>
    <Filter Include="Source Files">
      <UniqueIdentifier>{4FC737F1-C7A5-4376-A066-2A32D752A2FF}</UniqueIdentifier>
      <Extensions>cpp;c;cc;cxx;c++;cppm;ixx;def;odl;idl;hpj;bat;asm;asmx</Extensions>
    </Filter>
    <Filter Include="Header Files">
      <UniqueIdentifier>{93995380-89BD-4b04-88EB-625FBE52EBFB}</UniqueIdentifier>
      <Extensions>h;hh;hpp;hxx;h++;hm;inl;inc;ipp;xsd</Extensions>
    </Filter>
    <Filter Include="Resource Files">
      <UniqueIdentifier>{67DA6AB6-F800-4c08-8B7A-83BB121AAD01}</UniqueIdentifier>
      <Extensions>rc;ico;cur;bmp;dlg;rc2;rct;bin;rgs;gif;jpg;jpeg;jpe;resx;tiff;tif;png;wav;mfcribbon-ms</Extensions>
    </Filter>
    <Filter Include="Source Files\Model">
      <UniqueIdentifier>{2e939503-59e0-4716-8e98-f855c28abd70}</UniqueIdentifier>
    </Filter>
    <Filter Include="Source Files\Utils">
      <UniqueIdentifier>{9851aeae-39d9-417a-b4d3-abd59b2c1f60}</UniqueIdentifier>
    </Filter>
    <Filter Include="Source Files\View">
      <UniqueIdentifier>{1cd31c6d-d5a4-4d58-9b0e-b2d44b9292a5}</UniqueIdentifier>
    </Filter>
    <Filter Include="Source Files\FileIO">
      <UniqueIdentifier>{afe44a19-b1da-4084-85b9-87d79deb3d05}</UniqueIdentifier>
    </Filter>
  </ItemGroup>
  <ItemGroup>
    <ClCompile Include="CardPlaiter\View\DeleteCard.cpp">
      <Filter>Source Files\View</Filter>
    </ClCompile>
    <ClCompile Include="CardPlaiter\View\MainForm.cpp">
      <Filter>Source Files\View</Filter>
    </ClCompile>
    <ClCompile Include="CardPlaiter\View\AddCard.cpp">
      <Filter>Source Files\View</Filter>
    </ClCompile>
    <ClCompile Include="CardPlaiter\Model\BaseballCard.cpp">
      <Filter>Source Files\Model</Filter>
    </ClCompile>
    <ClCompile Include="CardPlaiter\Utils\Utils.cpp">
      <Filter>Source Files\Utils</Filter>
    </ClCompile>
    <ClCompile Include="CardPlaiter\Model\PlaitedLinkedList.cpp">
      <Filter>Source Files\Model</Filter>
    </ClCompile>
    <ClCompile Include="CardPlaiter\FileIO\FileReader.cpp">
      <Filter>Source Files\FileIO</Filter>
    </ClCompile>
    <ClCompile Include="CardPlaiter\FileIO\FileWriter.cpp">
      <Filter>Source Files\FileIO</Filter>
    </ClCompile>
  </ItemGroup>
  <ItemGroup>
    <ClInclude Include="CardPlaiter\View\MainForm.h">
      <Filter>Header Files</Filter>
    </ClInclude>
    <ClInclude Include="CardPlaiter\View\AddCard.h">
      <Filter>Header Files</Filter>
    </ClInclude>
    <ClInclude Include="CardPlaiter\View\DeleteCard.h">
      <Filter>Header Files</Filter>
    </ClInclude>
    <ClInclude Include="CardPlaiter\Model\BaseballCard.h">
      <Filter>Header Files</Filter>
    </ClInclude>
    <ClInclude Include="CardPlaiter\Utils\Utils.h">
      <Filter>Header Files</Filter>
    </ClInclude>
    <ClInclude Include="CardPlaiter\View\Constants.h">
      <Filter>Header Files</Filter>
    </ClInclude>
    <ClInclude Include="CardPlaiter\Model\PlaitedLinkedList.h">
      <Filter>Header Files</Filter>
    </ClInclude>
    <ClInclude Include="CardPlaiter\FileIO\FileReader.h">
      <Filter>Header Files</Filter>
    </ClInclude>
    <ClInclude Include="CardPlaiter\FileIO\FileWriter.h">
      <Filter>Header Files</Filter>
    </ClInclude>
  </ItemGroup>
  <ItemGroup>
    <Text Include="notes.txt" />
  </ItemGroup>
</Project>